PODS:
  - BZipCompression (1.0.2)
  - Expecta (0.3.0)

DEPENDENCIES:
  - BZipCompression (from `.`)
  - Expecta (~> 0.3.0)

EXTERNAL SOURCES:
  BZipCompression:
    :path: .

SPEC CHECKSUMS:
  BZipCompression: 01a58ec18215e65b7c9231985ba87259b4c18e80
  Expecta: 322f1dc42610106a5ba9871b4924cf1635d80833

COCOAPODS: 0.32.1
