PODS:
  - BZipCompression (1.0.1)
  - Expecta (0.2.2)

DEPENDENCIES:
  - BZipCompression (from `.`)
  - Expecta (~> 0.2.1)

EXTERNAL SOURCES:
  BZipCompression:
    :path: .

SPEC CHECKSUMS:
  BZipCompression: 00102f9f9df6c04108c1b09ad8eb266a0bb4e607
  Expecta: 99adbb2e366a02796477523bfd426143350d9caf

COCOAPODS: 0.24.0
