PODS:
  - BZipCompression (1.0.2)
  - Expecta (0.3.1)

DEPENDENCIES:
  - BZipCompression (from `.`)
  - Expecta (~> 0.3.0)

EXTERNAL SOURCES:
  BZipCompression:
    :path: .

SPEC CHECKSUMS:
  BZipCompression: 01a58ec18215e65b7c9231985ba87259b4c18e80
  Expecta: 03aabd0a89d8dea843baecb19a7fd7466a69a31d

COCOAPODS: 0.35.0
